github.com/BurntSushi/xgb v0.0.0-20201008132610-5f9e7b3c49cd h1:u7K2oMFMd8APDV3fM1j2rO3U/XJf1g1qC3DDTKou8iM=
github.com/BurntSushi/xgb v0.0.0-20201008132610-5f9e7b3c49cd/go.mod h1:IVnqGOEym/WlBOVXweHU+Q+/VP0lqqI8lqeDx9IjBqo=
github.com/StackExchange/wmi v0.0.0-20190523213315-cbe66965904d h1:G0m3OIz70MZUWq3EgK3CesDbo8upS2Vm9/P3FtgI+Jk=
github.com/StackExchange/wmi v0.0.0-20190523213315-cbe66965904d/go.mod h1:3eOhrUMpNV+6aFIbp5/iudMxNCF27Vw2OZgy4xEx0Fg=
github.com/danieljoos/wincred v1.1.0 h1:3RNcEpBg4IhIChZdFRSdlQt1QjCp1sMAPIrOnm7Yf8g=
github.com/danieljoos/wincred v1.1.0/go.mod h1:XYlo+eRTsVA9aHGp7NGjFkPla4m+DCL7hqDjlFjiygg=
github.com/davecgh/go-spew v1.1.0/go.mod h1:J7Y8YcW2NihsgmVo/mv3lAwl/skON4iLHjSsI+c5H38=
github.com/djimenez/iconv-go v0.0.0-20160305225143-8960e66bd3da h1:0qwwqQCLOOXPl58ljnq3sTJR7yRuMolM02vjxDh4ZVE=
github.com/djimenez/iconv-go v0.0.0-20160305225143-8960e66bd3da/go.mod h1:ns+zIWBBchgfRdxNgIJWn2x6U95LQchxeqiN5Cgdgts=
github.com/gen2brain/shm v0.0.0-20200228170931-49f9650110c5 h1:Y5Q2mEwfzjMt5+3u70Gtw93ZOu2UuPeeeTBDntF7FoY=
github.com/gen2brain/shm v0.0.0-20200228170931-49f9650110c5/go.mod h1:uF6rMu/1nvu+5DpiRLwusA6xB8zlkNoGzKn8lmYONUo=
github.com/go-ole/go-ole v1.2.4 h1:nNBDSCOigTSiarFpYE9J/KtEA1IOW4CNeqT9TQDqCxI=
github.com/go-ole/go-ole v1.2.4/go.mod h1:XCwSNxSkXRo4vlyPy93sltvi/qJq0jqQhjqQNIwKuxM=
github.com/kbinani/screenshot v0.0.0-20191211154542-3a185f1ce18f h1:5hWo+DzJQSOBl6X+TDac0SPWffRonuRJ2///OYtYRT8=
github.com/kbinani/screenshot v0.0.0-20191211154542-3a185f1ce18f/go.mod h1:f8GY5V3lRzakvEyr49P7hHRYoHtPr8zvj/7JodCoRzw=
github.com/lxn/win v0.0.0-20201111105847-2a20daff6a55 h1:4BxFx5XCtXc+nFtXDGDW+Uu5sPtsAbvPh6RObj3fG9o=
github.com/lxn/win v0.0.0-20201111105847-2a20daff6a55/go.mod h1:KxxjdtRkfNoYDCUP5ryK7XJJNTnpC8atvtmTheChOtk=
github.com/matishsiao/goInfo v0.0.0-20200404012835-b5f882ee2288 h1:cdM7et8/VlNnSBpq3KbyQWsYLCY0WsB7tvV8Fr0DUNE=
github.com/matishsiao/goInfo v0.0.0-20200404012835-b5f882ee2288/go.mod h1:yLZrFIhv+Z20hxHvcZpEyKVQp9HMsOJkXAxx7yDqtvg=
github.com/mattn/go-sqlite3 v1.14.5 h1:1IdxlwTNazvbKJQSxoJ5/9ECbEeaTTyeU7sEAZ5KKTQ=
github.com/mattn/go-sqlite3 v1.14.5/go.mod h1:WVKg1VTActs4Qso6iwGbiFih2UIHo0ENGwNd0Lj+XmI=
github.com/pmezard/go-difflib v1.0.0/go.mod h1:iKH77koFhYxTK1pcRnkKkqfTogsbg7gZNVY4sRDYZ/4=
github.com/skip2/go-qrcode v0.0.0-20200617195104-da1b6568686e h1:MRM5ITcdelLK2j1vwZ3Je0FKVCfqOLp5zO6trqMLYs0=
github.com/skip2/go-qrcode v0.0.0-20200617195104-da1b6568686e/go.mod h1:XV66xRDqSt+GTGFMVlhk3ULuV0y9ZmzeVGR4mloJI3M=
github.com/stretchr/objx v0.1.0/go.mod h1:HFkY916IF+rwdDfMAkV7OtwuqBVzrE8GR6GFx+wExME=
github.com/stretchr/testify v1.5.1/go.mod h1:5W2xD1RspED5o8YsWQXVCued0rvSQ+mT+I5cxcmMvtA=
golang.org/x/sys v0.0.0-20201018230417-eeed37f84f13 h1:5jaG59Zhd+8ZXe8C+lgiAGqkOaZBruqrWclLkgAww34=
golang.org/x/sys v0.0.0-20201018230417-eeed37f84f13/go.mod h1:h1NjWce9XRLGQEsW7wpKNCjG9DtNlClVuFLEZdDNbEs=
gopkg.in/check.v1 v0.0.0-20161208181325-20d25e280405/go.mod h1:Co6ibVJAznAaIkqp8huTwlJQCZ016jof/cbN4VW5Yz0=
gopkg.in/yaml.v2 v2.2.2/go.mod h1:hI93XBmqTisBFMUTm0b8Fm+jr3Dg1NNxqwp+5A1VGuI=
